
Microsoft Visual Studio Solution File, Format Version 10.00
# Visual Studio 2008
Project("{FAE04EC0-301F-11D3-BF4B-00C04F79EFBC}") = "All in One Demo", "All in One Demo\All in One Demo.csproj", "{D99B7D55-3CA8-4066-BCC2-5574A8566F17}"
EndProject
Global
	GlobalSection(SolutionConfigurationPlatforms) = preSolution
		Debug XNA|Any CPU = Debug XNA|Any CPU
		Release XNA|Any CPU = Release XNA|Any CPU
	EndGlobalSection
	GlobalSection(ProjectConfigurationPlatforms) = postSolution
		{D99B7D55-3CA8-4066-BCC2-5574A8566F17}.Debug XNA|Any CPU.ActiveCfg = Debug XNA|Any CPU
		{D99B7D55-3CA8-4066-BCC2-5574A8566F17}.Debug XNA|Any CPU.Build.0 = Debug XNA|Any CPU
		{D99B7D55-3CA8-4066-BCC2-5574A8566F17}.Release XNA|Any CPU.ActiveCfg = Release XNA|Any CPU
		{D99B7D55-3CA8-4066-BCC2-5574A8566F17}.Release XNA|Any CPU.Build.0 = Release XNA|Any CPU
	EndGlobalSection
	GlobalSection(SolutionProperties) = preSolution
		HideSolutionNode = FALSE
	EndGlobalSection
EndGlobal
