
Microsoft Visual Studio Solution File, Format Version 9.00
# Visual Studio 2005
Project("{8BC9CEB8-8B4A-11D0-8D11-00A0C91BC942}") = "Steel Engine", "steel.vcproj", "{2A1DAFDF-179B-4152-BA3A-1FE91D2406BE}"
EndProject
Global
	GlobalSection(SolutionConfigurationPlatforms) = preSolution
		lib_debug|Win32 = lib_debug|Win32
		lib_release|Win32 = lib_release|Win32
		test_debug|Win32 = test_debug|Win32
	EndGlobalSection
	GlobalSection(ProjectConfigurationPlatforms) = postSolution
		{2A1DAFDF-179B-4152-BA3A-1FE91D2406BE}.lib_debug|Win32.ActiveCfg = lib_debug|Win32
		{2A1DAFDF-179B-4152-BA3A-1FE91D2406BE}.lib_debug|Win32.Build.0 = lib_debug|Win32
		{2A1DAFDF-179B-4152-BA3A-1FE91D2406BE}.lib_release|Win32.ActiveCfg = lib_release|Win32
		{2A1DAFDF-179B-4152-BA3A-1FE91D2406BE}.lib_release|Win32.Build.0 = lib_release|Win32
		{2A1DAFDF-179B-4152-BA3A-1FE91D2406BE}.test_debug|Win32.ActiveCfg = test_debug|Win32
		{2A1DAFDF-179B-4152-BA3A-1FE91D2406BE}.test_debug|Win32.Build.0 = test_debug|Win32
	EndGlobalSection
	GlobalSection(SolutionProperties) = preSolution
		HideSolutionNode = FALSE
	EndGlobalSection
EndGlobal
